
Microsoft Visual Studio Solution File, Format Version 12.00
# Visual Studio Version 17
VisualStudioVersion = 17.7.34009.444
MinimumVisualStudioVersion = 10.0.40219.1
Project("{9A19103F-16F7-4668-BE54-9A1E7A4F7556}") = "ATM.Web", "ATM.Web.csproj", "{49124FCF-F89A-4427-870B-2EF09919EC00}"
EndProject
Project("{FAE04EC0-301F-11D3-BF4B-00C04F79EFBC}") = "NUnit.Test", "..\NUnit.Test\NUnit.Test.csproj", "{C704DE32-D0EC-42AC-963F-6446FBADCF33}"
EndProject
Project("{FAE04EC0-301F-11D3-BF4B-00C04F79EFBC}") = "xUnit.Test", "..\xUnit.Test\xUnit.Test.csproj", "{FDDA0C0C-C3ED-40DC-B012-0D6D77270A7D}"
EndProject
Global
	GlobalSection(SolutionConfigurationPlatforms) = preSolution
		Debug|Any CPU = Debug|Any CPU
		Release|Any CPU = Release|Any CPU
	EndGlobalSection
	GlobalSection(ProjectConfigurationPlatforms) = postSolution
		{49124FCF-F89A-4427-870B-2EF09919EC00}.Debug|Any CPU.ActiveCfg = Debug|Any CPU
		{49124FCF-F89A-4427-870B-2EF09919EC00}.Debug|Any CPU.Build.0 = Debug|Any CPU
		{49124FCF-F89A-4427-870B-2EF09919EC00}.Release|Any CPU.ActiveCfg = Release|Any CPU
		{49124FCF-F89A-4427-870B-2EF09919EC00}.Release|Any CPU.Build.0 = Release|Any CPU
		{C704DE32-D0EC-42AC-963F-6446FBADCF33}.Debug|Any CPU.ActiveCfg = Debug|Any CPU
		{C704DE32-D0EC-42AC-963F-6446FBADCF33}.Debug|Any CPU.Build.0 = Debug|Any CPU
		{C704DE32-D0EC-42AC-963F-6446FBADCF33}.Release|Any CPU.ActiveCfg = Release|Any CPU
		{C704DE32-D0EC-42AC-963F-6446FBADCF33}.Release|Any CPU.Build.0 = Release|Any CPU
		{FDDA0C0C-C3ED-40DC-B012-0D6D77270A7D}.Debug|Any CPU.ActiveCfg = Debug|Any CPU
		{FDDA0C0C-C3ED-40DC-B012-0D6D77270A7D}.Debug|Any CPU.Build.0 = Debug|Any CPU
		{FDDA0C0C-C3ED-40DC-B012-0D6D77270A7D}.Release|Any CPU.ActiveCfg = Release|Any CPU
		{FDDA0C0C-C3ED-40DC-B012-0D6D77270A7D}.Release|Any CPU.Build.0 = Release|Any CPU
	EndGlobalSection
	GlobalSection(SolutionProperties) = preSolution
		HideSolutionNode = FALSE
	EndGlobalSection
	GlobalSection(ExtensibilityGlobals) = postSolution
		SolutionGuid = {D26BC2FB-4AB0-4660-9793-9D504528161E}
	EndGlobalSection
EndGlobal
